{
  "nodes": {
    "advisory-db": {
      "flake": false,
      "locked": {
        "lastModified": 1787625737,
        "narHash": "sha256-YBoms9lLCFwvTGkiuw8abRHHup26xEcxQcJU7VFLHik=",
        "owner": "rustsec",
        "repo": "advisory-db",
        "rev": "a7bfe16948bf6f3ee25bdee4822209f87da21b80",
        "type": "github"
      },
      "original": {
        "owner": "rustsec",
        "repo": "advisory-db",
        "type": "github"
      }
    },
    "asset-registry": {
      "flake": false,
      "locked": {
        "lastModified": 1789841305,
        "narHash": "sha256-tQAI6b8iqBh9WNa1r+4cT1ZjlQTv1fq/JvGWsnRonQU=",
        "owner": "Blockstream",
        "repo": "asset_registry_db",
        "rev": "95e9c0afb8c8d6798b921257c7bfc2b2863018bb",
        "type": "github"
      },
      "original": {
        "owner": "Blockstream",
        "repo": "asset_registry_db",
        "type": "github"
      }
    },
    "crane": {
      "locked": {
        "lastModified": 1785284101,
        "narHash": "sha256-ghcXEpYEM4a7pbEkoqbn8c0ptJJqgGzuFiG3T6W5g4I=",
        "owner": "ipetkov",
        "repo": "crane",
        "rev": "756d6d07c3818ea95d1e2cdac63fa7d02fe3e61b",
        "type": "github"
      },
      "original": {
        "owner": "ipetkov",
        "repo": "crane",
        "rev": "756d6d07c3818ea95d1e2cdac63fa7d02fe3e61b",
        "type": "github"
      }
    },
    "crane_2": {
      "locked": {
        "lastModified": 1787326676,
        "narHash": "sha256-lWhBbBvC05/xwivKBBiM2YNizpmgqCgyOIzomvRuwxs=",
        "owner": "ipetkov",
        "repo": "crane",
        "rev": "692f7e9ef2ece8125b466f66f2af532b3edaed0d",
        "type": "github"
      },
      "original": {
        "owner": "ipetkov",
        "repo": "crane",
        "type": "github"
      }
    },
    "crane_3": {
      "locked": {
        "lastModified": 1789760033,
        "narHash": "sha256-jtT4yxZpR8seYnlCMMWSSPlFN92zO6ICuZ8pJrmi86k=",
        "owner": "ipetkov",
        "repo": "crane",
        "rev": "73b980519cefc727a5f6cc8e5c0947a2f9be6edd",
        "type": "github"
      },
      "original": {
        "owner": "ipetkov",
        "repo": "crane",
        "type": "github"
      }
    },
    "fenix": {
      "inputs": {
        "nixpkgs": [
          "grok-oss",
          "nixpkgs"
        ],
        "rust-analyzer-src": "rust-analyzer-src"
      },
      "locked": {
        "lastModified": 1787851824,
        "narHash": "sha256-hkUiwirNA/E0ZM/jkyl1KWh4tBwhwS/aesUjp6y0ARU=",
        "owner": "nix-community",
        "repo": "fenix",
        "rev": "2b240cd75dabb93338e1a3e6029898022bad0f52",
        "type": "github"
      },
      "original": {
        "owner": "nix-community",
        "repo": "fenix",
        "type": "github"
      }
    },
    "grok-oss": {
      "inputs": {
        "crane": "crane_2",
        "fenix": "fenix",
        "nixpkgs": "nixpkgs"
      },
      "locked": {
        "lastModified": 1788392035,
        "narHash": "sha256-cUnJ/i9xIhVkR7oDDlYvmXK0RfZZZ/9fhjn+jGo4h2k=",
        "owner": "SurmountSystems",
        "repo": "grok-oss",
        "rev": "6edf5fda9507c9e3c9c9f5a67871ebb3ce6cca7d",
        "type": "github"
      },
      "original": {
        "owner": "SurmountSystems",
        "ref": "remote-1",
        "repo": "grok-oss",
        "type": "github"
      }
    },
    "nixpkgs": {
      "locked": {
        "lastModified": 1787736819,
        "narHash": "sha256-cV5xEJJK3BvhU8rEd4mC9UsmDi5qscv/kzGPhBRC5WA=",
        "owner": "NixOS",
        "repo": "nixpkgs",
        "rev": "9fbb54b33e91ee4ca368e35a78e0613c720600b3",
        "type": "github"
      },
      "original": {
        "owner": "NixOS",
        "ref": "nixos-unstable",
        "repo": "nixpkgs",
        "type": "github"
      }
    },
    "nixpkgs-rust": {
      "locked": {
        "lastModified": 1787736819,
        "narHash": "sha256-cV5xEJJK3BvhU8rEd4mC9UsmDi5qscv/kzGPhBRC5WA=",
        "owner": "NixOS",
        "repo": "nixpkgs",
        "rev": "9fbb54b33e91ee4ca368e35a78e0613c720600b3",
        "type": "github"
      },
      "original": {
        "owner": "NixOS",
        "ref": "nixos-unstable",
        "repo": "nixpkgs",
        "type": "github"
      }
    },
    "nixpkgs_2": {
      "locked": {
        "lastModified": 1785989512,
        "narHash": "sha256-HFQhkQcl5D1hUNoen3SGHCSFCt2Bg6uP+HgbrnA3InQ=",
        "owner": "NixOS",
        "repo": "nixpkgs",
        "rev": "445d861c6d31b4af0c79d8d4be2331f762a361d7",
        "type": "github"
      },
      "original": {
        "owner": "NixOS",
        "ref": "nixos-26.05",
        "repo": "nixpkgs",
        "type": "github"
      }
    },
    "nixpkgs_3": {
      "locked": {
        "lastModified": 1789785513,
        "narHash": "sha256-B44WL6h0XoLjJ41bUPJk0X5SDinLCII//6EcBLXKiJ0=",
        "owner": "NixOS",
        "repo": "nixpkgs",
        "rev": "20b1ddd1aa5ace70c9468305030aa4f9ef79671b",
        "type": "github"
      },
      "original": {
        "owner": "NixOS",
        "ref": "nixos-unstable",
        "repo": "nixpkgs",
        "type": "github"
      }
    },
    "root": {
      "inputs": {
        "advisory-db": "advisory-db",
        "crane": "crane",
        "grok-oss": "grok-oss",
        "nixpkgs": "nixpkgs_2",
        "nixpkgs-rust": "nixpkgs-rust",
        "sops-nix": "sops-nix",
        "splora": "splora",
        "surmount-site": "surmount-site"
      }
    },
    "rust-analyzer-src": {
      "flake": false,
      "locked": {
        "lastModified": 1787768781,
        "narHash": "sha256-PMVtb917DTWjGLTQHHI+ATUguk7Wxuqu6J+DINiU+qI=",
        "owner": "rust-lang",
        "repo": "rust-analyzer",
        "rev": "70d74f4d134c45b073c82167fb7e7d61334bd8f5",
        "type": "github"
      },
      "original": {
        "owner": "rust-lang",
        "ref": "nightly",
        "repo": "rust-analyzer",
        "type": "github"
      }
    },
    "rust-overlay": {
      "inputs": {
        "nixpkgs": [
          "splora",
          "nixpkgs"
        ]
      },
      "locked": {
        "lastModified": 1789802016,
        "narHash": "sha256-QVFfArbYaQMGK4dFV+5RUL72Ci+hNHVhaF/R9qJfDhs=",
        "owner": "oxalica",
        "repo": "rust-overlay",
        "rev": "26a71e661c47bd21a05d06fec749f3f7c75e9d12",
        "type": "github"
      },
      "original": {
        "owner": "oxalica",
        "repo": "rust-overlay",
        "type": "github"
      }
    },
    "sops-nix": {
      "inputs": {
        "nixpkgs": [
          "nixpkgs"
        ]
      },
      "locked": {
        "lastModified": 1783174389,
        "narHash": "sha256-aCWC8ngycU7OdJrU2+Je3qf+1a2ykuBvpPhZT/9tXMc=",
        "owner": "Mic92",
        "repo": "sops-nix",
        "rev": "f1406619a3884cd5c47992a70b8b35c9c0fcb4c9",
        "type": "github"
      },
      "original": {
        "owner": "Mic92",
        "repo": "sops-nix",
        "rev": "f1406619a3884cd5c47992a70b8b35c9c0fcb4c9",
        "type": "github"
      }
    },
    "splora": {
      "inputs": {
        "asset-registry": "asset-registry",
        "crane": "crane_3",
        "nixpkgs": "nixpkgs_3",
        "rust-overlay": "rust-overlay"
      },
      "locked": {
        "lastModified": 1789848767,
        "narHash": "sha256-sAve66v5kWsITIhPcxdhBZ0kaG8XVB5ajPosWW8fCso=",
        "owner": "SurmountSystems",
        "repo": "splora",
        "rev": "22d6dcf7f76c1cacc23220d80203099018cde3aa",
        "type": "github"
      },
      "original": {
        "owner": "SurmountSystems",
        "ref": "surmount",
        "repo": "splora",
        "type": "github"
      }
    },
    "surmount-site": {
      "flake": false,
      "locked": {
        "lastModified": 1787766211,
        "narHash": "sha256-YdJ2r/8MTwJzOAjtV9W7tDsrcSFxj8bKSPDg9Ubemeo=",
        "owner": "SurmountSystems",
        "repo": "site",
        "rev": "4463b07de98d1f617bd6eba4a002edf26a4a5ce7",
        "type": "github"
      },
      "original": {
        "owner": "SurmountSystems",
        "repo": "site",
        "type": "github"
      }
    }
  },
  "root": "root",
  "version": 7
}
